// !$*UTF8*$!
{
	archiveVersion = 1;
	classes = {
	};
	objectVersion = 50;
	objects = {

/* Begin PBXBuildFile section */
		A9D2521821B6BF9A009D74B9 /* AppDelegate.swift in Sources */ = {isa = PBXBuildFile; fileRef = A9D2521721B6BF9A009D74B9 /* AppDelegate.swift */; };
		A9D2521A21B6BF9A009D74B9 /* ViewController.swift in Sources */ = {isa = PBXBuildFile; fileRef = A9D2521921B6BF9A009D74B9 /* ViewController.swift */; };
		A9D2521D21B6BF9A009D74B9 /* Main.storyboard in Resources */ = {isa = PBXBuildFile; fileRef = A9D2521B21B6BF9A009D74B9 /* Main.storyboard */; };
		A9D2521F21B6BF9D009D74B9 /* Assets.xcassets in Resources */ = {isa = PBXBuildFile; fileRef = A9D2521E21B6BF9D009D74B9 /* Assets.xcassets */; };
		A9D2522221B6BF9D009D74B9 /* LaunchScreen.storyboard in Resources */ = {isa = PBXBuildFile; fileRef = A9D2522021B6BF9D009D74B9 /* LaunchScreen.storyboard */; };
		A9D2522C21B6C2D7009D74B9 /* MenuTableViewController.swift in Sources */ = {isa = PBXBuildFile; fileRef = A9D2522B21B6C2D7009D74B9 /* MenuTableViewController.swift */; };
		A9D2522E21B6C2E8009D74B9 /* OrderTableViewController.swift in Sources */ = {isa = PBXBuildFile; fileRef = A9D2522D21B6C2E8009D74B9 /* OrderTableViewController.swift */; };
		A9D2523021B6C4A2009D74B9 /* MenuItemDetailViewController.swift in Sources */ = {isa = PBXBuildFile; fileRef = A9D2522F21B6C4A2009D74B9 /* MenuItemDetailViewController.swift */; };
		A9D2523221B6C508009D74B9 /* CategoryTableViewController.swift in Sources */ = {isa = PBXBuildFile; fileRef = A9D2523121B6C508009D74B9 /* CategoryTableViewController.swift */; };
		A9D2523421B6C5D7009D74B9 /* MenuItem.swift in Sources */ = {isa = PBXBuildFile; fileRef = A9D2523321B6C5D7009D74B9 /* MenuItem.swift */; };
		A9D2523621B6C700009D74B9 /* MenuController.swift in Sources */ = {isa = PBXBuildFile; fileRef = A9D2523521B6C700009D74B9 /* MenuController.swift */; };
		A9D2523821B7E61E009D74B9 /* Order.swift in Sources */ = {isa = PBXBuildFile; fileRef = A9D2523721B7E61E009D74B9 /* Order.swift */; };
		A9D2523A21B803A1009D74B9 /* OrderConfirmationViewController.swift in Sources */ = {isa = PBXBuildFile; fileRef = A9D2523921B803A1009D74B9 /* OrderConfirmationViewController.swift */; };
/* End PBXBuildFile section */

/* Begin PBXFileReference section */
		A9D2521421B6BF9A009D74B9 /* Restaurant.app */ = {isa = PBXFileReference; explicitFileType = wrapper.application; includeInIndex = 0; path = Restaurant.app; sourceTree = BUILT_PRODUCTS_DIR; };
		A9D2521721B6BF9A009D74B9 /* AppDelegate.swift */ = {isa = PBXFileReference; lastKnownFileType = sourcecode.swift; path = AppDelegate.swift; sourceTree = "<group>"; };
		A9D2521921B6BF9A009D74B9 /* ViewController.swift */ = {isa = PBXFileReference; lastKnownFileType = sourcecode.swift; path = ViewController.swift; sourceTree = "<group>"; };
		A9D2521C21B6BF9A009D74B9 /* Base */ = {isa = PBXFileReference; lastKnownFileType = file.storyboard; name = Base; path = Base.lproj/Main.storyboard; sourceTree = "<group>"; };
		A9D2521E21B6BF9D009D74B9 /* Assets.xcassets */ = {isa = PBXFileReference; lastKnownFileType = folder.assetcatalog; path = Assets.xcassets; sourceTree = "<group>"; };
		A9D2522121B6BF9D009D74B9 /* Base */ = {isa = PBXFileReference; lastKnownFileType = file.storyboard; name = Base; path = Base.lproj/LaunchScreen.storyboard; sourceTree = "<group>"; };
		A9D2522321B6BF9D009D74B9 /* Info.plist */ = {isa = PBXFileReference; lastKnownFileType = text.plist.xml; path = Info.plist; sourceTree = "<group>"; };
		A9D2522B21B6C2D7009D74B9 /* MenuTableViewController.swift */ = {isa = PBXFileReference; lastKnownFileType = sourcecode.swift; path = MenuTableViewController.swift; sourceTree = "<group>"; };
		A9D2522D21B6C2E8009D74B9 /* OrderTableViewController.swift */ = {isa = PBXFileReference; lastKnownFileType = sourcecode.swift; path = OrderTableViewController.swift; sourceTree = "<group>"; };
		A9D2522F21B6C4A2009D74B9 /* MenuItemDetailViewController.swift */ = {isa = PBXFileReference; lastKnownFileType = sourcecode.swift; path = MenuItemDetailViewController.swift; sourceTree = "<group>"; };
		A9D2523121B6C508009D74B9 /* CategoryTableViewController.swift */ = {isa = PBXFileReference; lastKnownFileType = sourcecode.swift; path = CategoryTableViewController.swift; sourceTree = "<group>"; };
		A9D2523321B6C5D7009D74B9 /* MenuItem.swift */ = {isa = PBXFileReference; lastKnownFileType = sourcecode.swift; path = MenuItem.swift; sourceTree = "<group>"; };
		A9D2523521B6C700009D74B9 /* MenuController.swift */ = {isa = PBXFileReference; lastKnownFileType = sourcecode.swift; path = MenuController.swift; sourceTree = "<group>"; };
		A9D2523721B7E61E009D74B9 /* Order.swift */ = {isa = PBXFileReference; lastKnownFileType = sourcecode.swift; path = Order.swift; sourceTree = "<group>"; };
		A9D2523921B803A1009D74B9 /* OrderConfirmationViewController.swift */ = {isa = PBXFileReference; lastKnownFileType = sourcecode.swift; path = OrderConfirmationViewController.swift; sourceTree = "<group>"; };
/* End PBXFileReference section */

/* Begin PBXFrameworksBuildPhase section */
		A9D2521121B6BF9A009D74B9 /* Frameworks */ = {
			isa = PBXFrameworksBuildPhase;
			buildActionMask = 2147483647;
			files = (
			);
			runOnlyForDeploymentPostprocessing = 0;
		};
/* End PBXFrameworksBuildPhase section */

/* Begin PBXGroup section */
		A9D2520B21B6BF9A009D74B9 = {
			isa = PBXGroup;
			children = (
				A9D2523121B6C508009D74B9 /* CategoryTableViewController.swift */,
				A9D2522D21B6C2E8009D74B9 /* OrderTableViewController.swift */,
				A9D2521621B6BF9A009D74B9 /* Restaurant */,
				A9D2521521B6BF9A009D74B9 /* Products */,
			);
			sourceTree = "<group>";
		};
		A9D2521521B6BF9A009D74B9 /* Products */ = {
			isa = PBXGroup;
			children = (
				A9D2521421B6BF9A009D74B9 /* Restaurant.app */,
			);
			name = Products;
			sourceTree = "<group>";
		};
		A9D2521621B6BF9A009D74B9 /* Restaurant */ = {
			isa = PBXGroup;
			children = (
				A9D2522B21B6C2D7009D74B9 /* MenuTableViewController.swift */,
				A9D2521721B6BF9A009D74B9 /* AppDelegate.swift */,
				A9D2521921B6BF9A009D74B9 /* ViewController.swift */,
				A9D2521B21B6BF9A009D74B9 /* Main.storyboard */,
				A9D2523921B803A1009D74B9 /* OrderConfirmationViewController.swift */,
				A9D2523321B6C5D7009D74B9 /* MenuItem.swift */,
				A9D2523721B7E61E009D74B9 /* Order.swift */,
				A9D2523521B6C700009D74B9 /* MenuController.swift */,
				A9D2522F21B6C4A2009D74B9 /* MenuItemDetailViewController.swift */,
				A9D2521E21B6BF9D009D74B9 /* Assets.xcassets */,
				A9D2522021B6BF9D009D74B9 /* LaunchScreen.storyboard */,
				A9D2522321B6BF9D009D74B9 /* Info.plist */,
			);
			path = Restaurant;
			sourceTree = "<group>";
		};
/* End PBXGroup section */

/* Begin PBXNativeTarget section */
		A9D2521321B6BF9A009D74B9 /* Restaurant */ = {
			isa = PBXNativeTarget;
			buildConfigurationList = A9D2522621B6BF9D009D74B9 /* Build configuration list for PBXNativeTarget "Restaurant" */;
			buildPhases = (
				A9D2521021B6BF9A009D74B9 /* Sources */,
				A9D2521121B6BF9A009D74B9 /* Frameworks */,
				A9D2521221B6BF9A009D74B9 /* Resources */,
			);
			buildRules = (
			);
			dependencies = (
			);
			name = Restaurant;
			productName = Restaurant;
			productReference = A9D2521421B6BF9A009D74B9 /* Restaurant.app */;
			productType = "com.apple.product-type.application";
		};
/* End PBXNativeTarget section */

/* Begin PBXProject section */
		A9D2520C21B6BF9A009D74B9 /* Project object */ = {
			isa = PBXProject;
			attributes = {
				LastSwiftUpdateCheck = 1010;
				LastUpgradeCheck = 1010;
				TargetAttributes = {
					A9D2521321B6BF9A009D74B9 = {
						CreatedOnToolsVersion = 10.1;
					};
				};
			};
			buildConfigurationList = A9D2520F21B6BF9A009D74B9 /* Build configuration list for PBXProject "Restaurant" */;
			compatibilityVersion = "Xcode 9.3";
			developmentRegion = en;
			hasScannedForEncodings = 0;
			knownRegions = (
				en,
				Base,
			);
			mainGroup = A9D2520B21B6BF9A009D74B9;
			productRefGroup = A9D2521521B6BF9A009D74B9 /* Products */;
			projectDirPath = "";
			projectRoot = "";
			targets = (
				A9D2521321B6BF9A009D74B9 /* Restaurant */,
			);
		};
/* End PBXProject section */

/* Begin PBXResourcesBuildPhase section */
		A9D2521221B6BF9A009D74B9 /* Resources */ = {
			isa = PBXResourcesBuildPhase;
			buildActionMask = 2147483647;
			files = (
				A9D2522221B6BF9D009D74B9 /* LaunchScreen.storyboard in Resources */,
				A9D2521F21B6BF9D009D74B9 /* Assets.xcassets in Resources */,
				A9D2521D21B6BF9A009D74B9 /* Main.storyboard in Resources */,
			);
			runOnlyForDeploymentPostprocessing = 0;
		};
/* End PBXResourcesBuildPhase section */

/* Begin PBXSourcesBuildPhase section */
		A9D2521021B6BF9A009D74B9 /* Sources */ = {
			isa = PBXSourcesBuildPhase;
			buildActionMask = 2147483647;
			files = (
				A9D2523A21B803A1009D74B9 /* OrderConfirmationViewController.swift in Sources */,
				A9D2523621B6C700009D74B9 /* MenuController.swift in Sources */,
				A9D2523421B6C5D7009D74B9 /* MenuItem.swift in Sources */,
				A9D2522C21B6C2D7009D74B9 /* MenuTableViewController.swift in Sources */,
				A9D2523821B7E61E009D74B9 /* Order.swift in Sources */,
				A9D2523021B6C4A2009D74B9 /* MenuItemDetailViewController.swift in Sources */,
				A9D2522E21B6C2E8009D74B9 /* OrderTableViewController.swift in Sources */,
				A9D2521A21B6BF9A009D74B9 /* ViewController.swift in Sources */,
				A9D2521821B6BF9A009D74B9 /* AppDelegate.swift in Sources */,
				A9D2523221B6C508009D74B9 /* CategoryTableViewController.swift in Sources */,
			);
			runOnlyForDeploymentPostprocessing = 0;
		};
/* End PBXSourcesBuildPhase section */

/* Begin PBXVariantGroup section */
		A9D2521B21B6BF9A009D74B9 /* Main.storyboard */ = {
			isa = PBXVariantGroup;
			children = (
				A9D2521C21B6BF9A009D74B9 /* Base */,
			);
			name = Main.storyboard;
			sourceTree = "<group>";
		};
		A9D2522021B6BF9D009D74B9 /* LaunchScreen.storyboard */ = {
			isa = PBXVariantGroup;
			children = (
				A9D2522121B6BF9D009D74B9 /* Base */,
			);
			name = LaunchScreen.storyboard;
			sourceTree = "<group>";
		};
/* End PBXVariantGroup section */

/* Begin XCBuildConfiguration section */
		A9D2522421B6BF9D009D74B9 /* Debug */ = {
			isa = XCBuildConfiguration;
			buildSettings = {
				ALWAYS_SEARCH_USER_PATHS = NO;
				CLANG_ANALYZER_NONNULL = YES;
				CLANG_ANALYZER_NUMBER_OBJECT_CONVERSION = YES_AGGRESSIVE;
				CLANG_CXX_LANGUAGE_STANDARD = "gnu++14";
				CLANG_CXX_LIBRARY = "libc++";
				CLANG_ENABLE_MODULES = YES;
				CLANG_ENABLE_OBJC_ARC = YES;
				CLANG_ENABLE_OBJC_WEAK = YES;
				CLANG_WARN_BLOCK_CAPTURE_AUTORELEASING = YES;
				CLANG_WARN_BOOL_CONVERSION = YES;
				CLANG_WARN_COMMA = YES;
				CLANG_WARN_CONSTANT_CONVERSION = YES;
				CLANG_WARN_DEPRECATED_OBJC_IMPLEMENTATIONS = YES;
				CLANG_WARN_DIRECT_OBJC_ISA_USAGE = YES_ERROR;
				CLANG_WARN_DOCUMENTATION_COMMENTS = YES;
				CLANG_WARN_EMPTY_BODY = YES;
				CLANG_WARN_ENUM_CONVERSION = YES;
				CLANG_WARN_INFINITE_RECURSION = YES;
				CLANG_WARN_INT_CONVERSION = YES;
				CLANG_WARN_NON_LITERAL_NULL_CONVERSION = YES;
				CLANG_WARN_OBJC_IMPLICIT_RETAIN_SELF = YES;
				CLANG_WARN_OBJC_LITERAL_CONVERSION = YES;
				CLANG_WARN_OBJC_ROOT_CLASS = YES_ERROR;
				CLANG_WARN_RANGE_LOOP_ANALYSIS = YES;
				CLANG_WARN_STRICT_PROTOTYPES = YES;
				CLANG_WARN_SUSPICIOUS_MOVE = YES;
				CLANG_WARN_UNGUARDED_AVAILABILITY = YES_AGGRESSIVE;
				CLANG_WARN_UNREACHABLE_CODE = YES;
				CLANG_WARN__DUPLICATE_METHOD_MATCH = YES;
				CODE_SIGN_IDENTITY = "iPhone Developer";
				COPY_PHASE_STRIP = NO;
				DEBUG_INFORMATION_FORMAT = dwarf;
				ENABLE_STRICT_OBJC_MSGSEND = YES;
				ENABLE_TESTABILITY = YES;
				GCC_C_LANGUAGE_STANDARD = gnu11;
				GCC_DYNAMIC_NO_PIC = NO;
				GCC_NO_COMMON_BLOCKS = YES;
				GCC_OPTIMIZATION_LEVEL = 0;
				GCC_PREPROCESSOR_DEFINITIONS = (
					"DEBUG=1",
					"$(inherited)",
				);
				GCC_WARN_64_TO_32_BIT_CONVERSION = YES;
				GCC_WARN_ABOUT_RETURN_TYPE = YES_ERROR;
				GCC_WARN_UNDECLARED_SELECTOR = YES;
				GCC_WARN_UNINITIALIZED_AUTOS = YES_AGGRESSIVE;
				GCC_WARN_UNUSED_FUNCTION = YES;
				GCC_WARN_UNUSED_VARIABLE = YES;
				IPHONEOS_DEPLOYMENT_TARGET = 12.1;
				MTL_ENABLE_DEBUG_INFO = INCLUDE_SOURCE;
				MTL_FAST_MATH = YES;
				ONLY_ACTIVE_ARCH = YES;
				SDKROOT = iphoneos;
				SWIFT_ACTIVE_COMPILATION_CONDITIONS = DEBUG;
				SWIFT_OPTIMIZATION_LEVEL = "-Onone";
			};
			name = Debug;
		};
		A9D2522521B6BF9D009D74B9 /* Release */ = {
			isa = XCBuildConfiguration;
			buildSettings = {
				ALWAYS_SEARCH_USER_PATHS = NO;
				CLANG_ANALYZER_NONNULL = YES;
				CLANG_ANALYZER_NUMBER_OBJECT_CONVERSION = YES_AGGRESSIVE;
				CLANG_CXX_LANGUAGE_STANDARD = "gnu++14";
				CLANG_CXX_LIBRARY = "libc++";
				CLANG_ENABLE_MODULES = YES;
				CLANG_ENABLE_OBJC_ARC = YES;
				CLANG_ENABLE_OBJC_WEAK = YES;
				CLANG_WARN_BLOCK_CAPTURE_AUTORELEASING = YES;
				CLANG_WARN_BOOL_CONVERSION = YES;
				CLANG_WARN_COMMA = YES;
				CLANG_WARN_CONSTANT_CONVERSION = YES;
				CLANG_WARN_DEPRECATED_OBJC_IMPLEMENTATIONS = YES;
				CLANG_WARN_DIRECT_OBJC_ISA_USAGE = YES_ERROR;
				CLANG_WARN_DOCUMENTATION_COMMENTS = YES;
				CLANG_WARN_EMPTY_BODY = YES;
				CLANG_WARN_ENUM_CONVERSION = YES;
				CLANG_WARN_INFINITE_RECURSION = YES;
				CLANG_WARN_INT_CONVERSION = YES;
				CLANG_WARN_NON_LITERAL_NULL_CONVERSION = YES;
				CLANG_WARN_OBJC_IMPLICIT_RETAIN_SELF = YES;
				CLANG_WARN_OBJC_LITERAL_CONVERSION = YES;
				CLANG_WARN_OBJC_ROOT_CLASS = YES_ERROR;
				CLANG_WARN_RANGE_LOOP_ANALYSIS = YES;
				CLANG_WARN_STRICT_PROTOTYPES = YES;
				CLANG_WARN_SUSPICIOUS_MOVE = YES;
				CLANG_WARN_UNGUARDED_AVAILABILITY = YES_AGGRESSIVE;
				CLANG_WARN_UNREACHABLE_CODE = YES;
				CLANG_WARN__DUPLICATE_METHOD_MATCH = YES;
				CODE_SIGN_IDENTITY = "iPhone Developer";
				COPY_PHASE_STRIP = NO;
				DEBUG_INFORMATION_FORMAT = "dwarf-with-dsym";
				ENABLE_NS_ASSERTIONS = NO;
				ENABLE_STRICT_OBJC_MSGSEND = YES;
				GCC_C_LANGUAGE_STANDARD = gnu11;
				GCC_NO_COMMON_BLOCKS = YES;
				GCC_WARN_64_TO_32_BIT_CONVERSION = YES;
				GCC_WARN_ABOUT_RETURN_TYPE = YES_ERROR;
				GCC_WARN_UNDECLARED_SELECTOR = YES;
				GCC_WARN_UNINITIALIZED_AUTOS = YES_AGGRESSIVE;
				GCC_WARN_UNUSED_FUNCTION = YES;
				GCC_WARN_UNUSED_VARIABLE = YES;
				IPHONEOS_DEPLOYMENT_TARGET = 12.1;
				MTL_ENABLE_DEBUG_INFO = NO;
				MTL_FAST_MATH = YES;
				SDKROOT = iphoneos;
				SWIFT_COMPILATION_MODE = wholemodule;
				SWIFT_OPTIMIZATION_LEVEL = "-O";
				VALIDATE_PRODUCT = YES;
			};
			name = Release;
		};
		A9D2522721B6BF9D009D74B9 /* Debug */ = {
			isa = XCBuildConfiguration;
			buildSettings = {
				ASSETCATALOG_COMPILER_APPICON_NAME = AppIcon;
				CODE_SIGN_STYLE = Automatic;
				DEVELOPMENT_TEAM = A5BWRV34B2;
				INFOPLIST_FILE = Restaurant/Info.plist;
				LD_RUNPATH_SEARCH_PATHS = (
					"$(inherited)",
					"@executable_path/Frameworks",
				);
				PRODUCT_BUNDLE_IDENTIFIER = Mel.Restuarant;
				PRODUCT_NAME = "$(TARGET_NAME)";
				SWIFT_VERSION = 4.2;
				TARGETED_DEVICE_FAMILY = "1,2";
			};
			name = Debug;
		};
		A9D2522821B6BF9D009D74B9 /* Release */ = {
			isa = XCBuildConfiguration;
			buildSettings = {
				ASSETCATALOG_COMPILER_APPICON_NAME = AppIcon;
				CODE_SIGN_STYLE = Automatic;
				DEVELOPMENT_TEAM = A5BWRV34B2;
				INFOPLIST_FILE = Restaurant/Info.plist;
				LD_RUNPATH_SEARCH_PATHS = (
					"$(inherited)",
					"@executable_path/Frameworks",
				);
				PRODUCT_BUNDLE_IDENTIFIER = Mel.Restuarant;
				PRODUCT_NAME = "$(TARGET_NAME)";
				SWIFT_VERSION = 4.2;
				TARGETED_DEVICE_FAMILY = "1,2";
			};
			name = Release;
		};
/* End XCBuildConfiguration section */

/* Begin XCConfigurationList section */
		A9D2520F21B6BF9A009D74B9 /* Build configuration list for PBXProject "Restaurant" */ = {
			isa = XCConfigurationList;
			buildConfigurations = (
				A9D2522421B6BF9D009D74B9 /* Debug */,
				A9D2522521B6BF9D009D74B9 /* Release */,
			);
			defaultConfigurationIsVisible = 0;
			defaultConfigurationName = Release;
		};
		A9D2522621B6BF9D009D74B9 /* Build configuration list for PBXNativeTarget "Restaurant" */ = {
			isa = XCConfigurationList;
			buildConfigurations = (
				A9D2522721B6BF9D009D74B9 /* Debug */,
				A9D2522821B6BF9D009D74B9 /* Release */,
			);
			defaultConfigurationIsVisible = 0;
			defaultConfigurationName = Release;
		};
/* End XCConfigurationList section */
	};
	rootObject = A9D2520C21B6BF9A009D74B9 /* Project object */;
}
